{
  "version": 4,
  "terraform_version": "1.11.4",
  "serial": 51,
  "lineage": "36e87c7b-c679-631e-c49d-2c793718638d",
  "outputs": {},
  "resources": [
    {
      "mode": "managed",
      "type": "aws_codebuild_project",
      "name": "lambda_build",
      "provider": "provider[\"registry.terraform.io/hashicorp/aws\"]",
      "instances": [
        {
          "schema_version": 0,
          "attributes": {
            "arn": "arn:aws:codebuild:ap-southeast-1:270573552412:project/lambda-build",
            "artifacts": [
              {
                "artifact_identifier": "",
                "bucket_owner_access": "",
                "encryption_disabled": false,
                "location": "",
                "name": "lambda-build",
                "namespace_type": "",
                "override_artifact_name": false,
                "packaging": "NONE",
                "path": "",
                "type": "CODEPIPELINE"
              }
            ],
            "badge_enabled": false,
            "badge_url": "",
            "build_batch_config": [],
            "build_timeout": 60,
            "cache": [
              {
                "location": "",
                "modes": [],
                "type": "NO_CACHE"
              }
            ],
            "concurrent_build_limit": 0,
            "description": "",
            "encryption_key": "arn:aws:kms:ap-southeast-1:270573552412:alias/aws/s3",
            "environment": [
              {
                "certificate": "",
                "compute_type": "BUILD_GENERAL1_SMALL",
                "environment_variable": [],
                "fleet": [],
                "image": "aws/codebuild/standard:7.0",
                "image_pull_credentials_type": "CODEBUILD",
                "privileged_mode": false,
                "registry_credential": [],
                "type": "LINUX_CONTAINER"
              }
            ],
            "file_system_locations": [],
            "id": "arn:aws:codebuild:ap-southeast-1:270573552412:project/lambda-build",
            "logs_config": [
              {
                "cloudwatch_logs": [
                  {
                    "group_name": "",
                    "status": "ENABLED",
                    "stream_name": ""
                  }
                ],
                "s3_logs": [
                  {
                    "bucket_owner_access": "",
                    "encryption_disabled": false,
                    "location": "",
                    "status": "DISABLED"
                  }
                ]
              }
            ],
            "name": "lambda-build",
            "project_visibility": "PRIVATE",
            "public_project_alias": "",
            "queued_timeout": 480,
            "region": "ap-southeast-1",
            "resource_access_role": "",
            "secondary_artifacts": [],
            "secondary_source_version": [],
            "secondary_sources": [],
            "service_role": "arn:aws:iam::270573552412:role/codebuild_service_role",
            "source": [
              {
                "auth": [],
                "build_status_config": [],
                "buildspec": "buildspec.yml",
                "git_clone_depth": 0,
                "git_submodules_config": [],
                "insecure_ssl": false,
                "location": "",
                "report_build_status": false,
                "type": "CODEPIPELINE"
              }
            ],
            "source_version": "",
            "tags": null,
            "tags_all": {},
            "vpc_config": []
          },
          "sensitive_attributes": [],
          "private": "bnVsbA==",
          "dependencies": [
            "aws_iam_role.codebuild_role"
          ]
        }
      ]
    },
    {
      "mode": "managed",
      "type": "aws_codebuild_project",
      "name": "terraform_build",
      "provider": "provider[\"registry.terraform.io/hashicorp/aws\"]",
      "instances": [
        {
          "schema_version": 0,
          "attributes": {
            "arn": "arn:aws:codebuild:ap-southeast-1:270573552412:project/terraform-build",
            "artifacts": [
              {
                "artifact_identifier": "",
                "bucket_owner_access": "",
                "encryption_disabled": false,
                "location": "",
                "name": "terraform-build",
                "namespace_type": "",
                "override_artifact_name": false,
                "packaging": "NONE",
                "path": "",
                "type": "CODEPIPELINE"
              }
            ],
            "badge_enabled": false,
            "badge_url": "",
            "build_batch_config": [],
            "build_timeout": 60,
            "cache": [
              {
                "location": "",
                "modes": [],
                "type": "NO_CACHE"
              }
            ],
            "concurrent_build_limit": 0,
            "description": "",
            "encryption_key": "arn:aws:kms:ap-southeast-1:270573552412:alias/aws/s3",
            "environment": [
              {
                "certificate": "",
                "compute_type": "BUILD_GENERAL1_SMALL",
                "environment_variable": [],
                "fleet": [],
                "image": "aws/codebuild/standard:7.0",
                "image_pull_credentials_type": "CODEBUILD",
                "privileged_mode": false,
                "registry_credential": [],
                "type": "LINUX_CONTAINER"
              }
            ],
            "file_system_locations": [],
            "id": "arn:aws:codebuild:ap-southeast-1:270573552412:project/terraform-build",
            "logs_config": [
              {
                "cloudwatch_logs": [
                  {
                    "group_name": "",
                    "status": "ENABLED",
                    "stream_name": ""
                  }
                ],
                "s3_logs": [
                  {
                    "bucket_owner_access": "",
                    "encryption_disabled": false,
                    "location": "",
                    "status": "DISABLED"
                  }
                ]
              }
            ],
            "name": "terraform-build",
            "project_visibility": "PRIVATE",
            "public_project_alias": "",
            "queued_timeout": 480,
            "region": "ap-southeast-1",
            "resource_access_role": "",
            "secondary_artifacts": [],
            "secondary_source_version": [],
            "secondary_sources": [],
            "service_role": "arn:aws:iam::270573552412:role/codebuild_service_role",
            "source": [
              {
                "auth": [],
                "build_status_config": [],
                "buildspec": "buildspec-terraform.yml",
                "git_clone_depth": 0,
                "git_submodules_config": [],
                "insecure_ssl": false,
                "location": "",
                "report_build_status": false,
                "type": "CODEPIPELINE"
              }
            ],
            "source_version": "",
            "tags": null,
            "tags_all": {},
            "vpc_config": []
          },
          "sensitive_attributes": [],
          "private": "bnVsbA==",
          "dependencies": [
            "aws_iam_role.codebuild_role"
          ]
        }
      ]
    },
    {
      "mode": "managed",
      "type": "aws_codepipeline",
      "name": "pipeline",
      "provider": "provider[\"registry.terraform.io/hashicorp/aws\"]",
      "instances": [
        {
          "schema_version": 0,
          "attributes": {
            "arn": "arn:aws:codepipeline:ap-southeast-1:270573552412:lambda-pipeline",
            "artifact_store": [
              {
                "encryption_key": [],
                "location": "lambda-artifact-4d3f0ac3",
                "region": "",
                "type": "S3"
              }
            ],
            "execution_mode": "SUPERSEDED",
            "id": "lambda-pipeline",
            "name": "lambda-pipeline",
            "pipeline_type": "V1",
            "region": "ap-southeast-1",
            "role_arn": "arn:aws:iam::270573552412:role/codepipeline_service_role",
            "stage": [
              {
                "action": [
                  {
                    "category": "Source",
                    "configuration": {
                      "BranchName": "main",
                      "ConnectionArn": "arn:aws:codeconnections:ap-northeast-1:270573552412:connection/b834ac08-fcc4-4688-aa92-96394908d63f",
                      "FullRepositoryId": "lolohoang123/terraform_test"
                    },
                    "input_artifacts": null,
                    "name": "Source",
                    "namespace": "",
                    "output_artifacts": [
                      "source_output"
                    ],
                    "owner": "AWS",
                    "provider": "CodeStarSourceConnection",
                    "region": "",
                    "role_arn": "",
                    "run_order": 1,
                    "timeout_in_minutes": 0,
                    "version": "1"
                  }
                ],
                "before_entry": [],
                "name": "Source",
                "on_failure": [],
                "on_success": []
              },
              {
                "action": [
                  {
                    "category": "Build",
                    "configuration": {
                      "ProjectName": "terraform-build"
                    },
                    "input_artifacts": [
                      "source_output"
                    ],
                    "name": "Terraform",
                    "namespace": "",
                    "output_artifacts": [
                      "terraform_output"
                    ],
                    "owner": "AWS",
                    "provider": "CodeBuild",
                    "region": "",
                    "role_arn": "",
                    "run_order": 1,
                    "timeout_in_minutes": 0,
                    "version": "1"
                  }
                ],
                "before_entry": [],
                "name": "TerraformBuild",
                "on_failure": [],
                "on_success": []
              },
              {
                "action": [
                  {
                    "category": "Build",
                    "configuration": {
                      "ProjectName": "lambda-build"
                    },
                    "input_artifacts": [
                      "source_output"
                    ],
                    "name": "Lambda",
                    "namespace": "",
                    "output_artifacts": null,
                    "owner": "AWS",
                    "provider": "CodeBuild",
                    "region": "",
                    "role_arn": "",
                    "run_order": 1,
                    "timeout_in_minutes": 0,
                    "version": "1"
                  }
                ],
                "before_entry": [],
                "name": "LambdaBuild",
                "on_failure": [],
                "on_success": []
              }
            ],
            "tags": null,
            "tags_all": {},
            "trigger": [],
            "trigger_all": [],
            "variable": []
          },
          "sensitive_attributes": [],
          "private": "bnVsbA==",
          "dependencies": [
            "aws_codebuild_project.lambda_build",
            "aws_codebuild_project.terraform_build",
            "aws_iam_role.codebuild_role",
            "aws_iam_role.codepipeline_role",
            "aws_s3_bucket.artifact_bucket",
            "random_id.bucket_id"
          ]
        }
      ]
    },
    {
      "mode": "managed",
      "type": "aws_iam_role",
      "name": "codebuild_role",
      "provider": "provider[\"registry.terraform.io/hashicorp/aws\"]",
      "instances": [
        {
          "schema_version": 0,
          "attributes": {
            "arn": "arn:aws:iam::270573552412:role/codebuild_service_role",
            "assume_role_policy": "{\"Statement\":[{\"Action\":\"sts:AssumeRole\",\"Effect\":\"Allow\",\"Principal\":{\"Service\":\"codebuild.amazonaws.com\"}}],\"Version\":\"2012-10-17\"}",
            "create_date": "2025-07-02T04:42:50Z",
            "description": "",
            "force_detach_policies": false,
            "id": "codebuild_service_role",
            "inline_policy": [],
            "managed_policy_arns": [],
            "max_session_duration": 3600,
            "name": "codebuild_service_role",
            "name_prefix": "",
            "path": "/",
            "permissions_boundary": "",
            "tags": null,
            "tags_all": {},
            "unique_id": "AROAT573QYMOMUAVHPGJU"
          },
          "sensitive_attributes": [],
          "private": "bnVsbA=="
        }
      ]
    },
    {
      "mode": "managed",
      "type": "aws_iam_role",
      "name": "codepipeline_role",
      "provider": "provider[\"registry.terraform.io/hashicorp/aws\"]",
      "instances": [
        {
          "schema_version": 0,
          "attributes": {
            "arn": "arn:aws:iam::270573552412:role/codepipeline_service_role",
            "assume_role_policy": "{\"Statement\":[{\"Action\":\"sts:AssumeRole\",\"Effect\":\"Allow\",\"Principal\":{\"Service\":\"codepipeline.amazonaws.com\"}}],\"Version\":\"2012-10-17\"}",
            "create_date": "2025-07-02T04:42:50Z",
            "description": "",
            "force_detach_policies": false,
            "id": "codepipeline_service_role",
            "inline_policy": [],
            "managed_policy_arns": [],
            "max_session_duration": 3600,
            "name": "codepipeline_service_role",
            "name_prefix": "",
            "path": "/",
            "permissions_boundary": "",
            "tags": null,
            "tags_all": {},
            "unique_id": "AROAT573QYMONJK6AOZQ7"
          },
          "sensitive_attributes": [],
          "private": "bnVsbA=="
        }
      ]
    },
    {
      "mode": "managed",
      "type": "aws_iam_role",
      "name": "lambda_role",
      "provider": "provider[\"registry.terraform.io/hashicorp/aws\"]",
      "instances": [
        {
          "schema_version": 0,
          "attributes": {
            "arn": "arn:aws:iam::270573552412:role/lambda_execution_role",
            "assume_role_policy": "{\"Statement\":[{\"Action\":\"sts:AssumeRole\",\"Effect\":\"Allow\",\"Principal\":{\"Service\":\"lambda.amazonaws.com\"}}],\"Version\":\"2012-10-17\"}",
            "create_date": "2025-07-02T04:42:50Z",
            "description": "",
            "force_detach_policies": false,
            "id": "lambda_execution_role",
            "inline_policy": [],
            "managed_policy_arns": [],
            "max_session_duration": 3600,
            "name": "lambda_execution_role",
            "name_prefix": "",
            "path": "/",
            "permissions_boundary": "",
            "tags": null,
            "tags_all": {},
            "unique_id": "AROAT573QYMOOGGIZO5T7"
          },
          "sensitive_attributes": [],
          "private": "bnVsbA=="
        }
      ]
    },
    {
      "mode": "managed",
      "type": "aws_iam_role_policy",
      "name": "codebuild_policy",
      "provider": "provider[\"registry.terraform.io/hashicorp/aws\"]",
      "instances": [
        {
          "schema_version": 0,
          "attributes": {
            "id": "codebuild_service_role:codebuild_policy",
            "name": "codebuild_policy",
            "name_prefix": "",
            "policy": "{\"Version\":\"2012-10-17\",\"Statement\":[{\"Action\":[\"logs:*\",\"s3:*\",\"lambda:UpdateFunctionCode\",\"iam:PassRole\"],\"Effect\":\"Allow\",\"Resource\":\"*\"}]}",
            "role": "codebuild_service_role"
          },
          "sensitive_attributes": [],
          "private": "bnVsbA==",
          "dependencies": [
            "aws_iam_role.codebuild_role"
          ]
        }
      ]
    },
    {
      "mode": "managed",
      "type": "aws_iam_role_policy",
      "name": "codepipeline_policy",
      "provider": "provider[\"registry.terraform.io/hashicorp/aws\"]",
      "instances": [
        {
          "schema_version": 0,
          "attributes": {
            "id": "codepipeline_service_role:codepipeline_policy",
            "name": "codepipeline_policy",
            "name_prefix": "",
            "policy": "{\"Version\":\"2012-10-17\",\"Statement\":[{\"Action\":[\"codebuild:*\",\"s3:*\",\"iam:PassRole\",\"kms:Decrypt\",\"codestar-connections:UseConnection\"],\"Effect\":\"Allow\",\"Resource\":\"*\"}]}",
            "role": "codepipeline_service_role"
          },
          "sensitive_attributes": [],
          "private": "bnVsbA==",
          "dependencies": [
            "aws_iam_role.codepipeline_role"
          ]
        }
      ]
    },
    {
      "mode": "managed",
      "type": "aws_iam_role_policy_attachment",
      "name": "lambda_basic",
      "provider": "provider[\"registry.terraform.io/hashicorp/aws\"]",
      "instances": [
        {
          "schema_version": 0,
          "attributes": {
            "id": "lambda_execution_role-20250702044401005500000001",
            "policy_arn": "arn:aws:iam::aws:policy/service-role/AWSLambdaBasicExecutionRole",
            "role": "lambda_execution_role"
          },
          "sensitive_attributes": [],
          "private": "bnVsbA==",
          "dependencies": [
            "aws_iam_role.lambda_role"
          ]
        }
      ]
    },
    {
      "mode": "managed",
      "type": "aws_lambda_function",
      "name": "sum_function",
      "provider": "provider[\"registry.terraform.io/hashicorp/aws\"]",
      "instances": [
        {
          "schema_version": 0,
          "attributes": {
            "architectures": [
              "x86_64"
            ],
            "arn": "arn:aws:lambda:ap-southeast-1:270573552412:function:sum_function",
            "code_sha256": "QnXQX5+m2e7ppbnXpqjU2RGkj67jcnsu6MOssDy+L7Q=",
            "code_signing_config_arn": "",
            "dead_letter_config": [],
            "description": "",
            "environment": [],
            "ephemeral_storage": [
              {
                "size": 512
              }
            ],
            "file_system_config": [],
            "filename": "build/lambda.zip",
            "function_name": "sum_function",
            "handler": "lambda_function.handler",
            "id": "sum_function",
            "image_config": [],
            "image_uri": "",
            "invoke_arn": "arn:aws:apigateway:ap-southeast-1:lambda:path/2015-03-31/functions/arn:aws:lambda:ap-southeast-1:270573552412:function:sum_function/invocations",
            "kms_key_arn": "",
            "last_modified": "2025-07-02T04:43:08.825+0000",
            "layers": null,
            "logging_config": [
              {
                "application_log_level": "",
                "log_format": "Text",
                "log_group": "/aws/lambda/sum_function",
                "system_log_level": ""
              }
            ],
            "memory_size": 128,
            "package_type": "Zip",
            "publish": false,
            "qualified_arn": "arn:aws:lambda:ap-southeast-1:270573552412:function:sum_function:$LATEST",
            "qualified_invoke_arn": "arn:aws:apigateway:ap-southeast-1:lambda:path/2015-03-31/functions/arn:aws:lambda:ap-southeast-1:270573552412:function:sum_function:$LATEST/invocations",
            "region": "ap-southeast-1",
            "replace_security_groups_on_destroy": null,
            "replacement_security_group_ids": null,
            "reserved_concurrent_executions": -1,
            "role": "arn:aws:iam::270573552412:role/lambda_execution_role",
            "runtime": "python3.12",
            "s3_bucket": null,
            "s3_key": null,
            "s3_object_version": null,
            "signing_job_arn": "",
            "signing_profile_version_arn": "",
            "skip_destroy": false,
            "snap_start": [],
            "source_code_hash": "QnXQX5+m2e7ppbnXpqjU2RGkj67jcnsu6MOssDy+L7Q=",
            "source_code_size": 216,
            "tags": null,
            "tags_all": {},
            "timeout": 10,
            "timeouts": null,
            "tracing_config": [
              {
                "mode": "PassThrough"
              }
            ],
            "version": "$LATEST",
            "vpc_config": []
          },
          "sensitive_attributes": [],
          "private": "eyJlMmJmYjczMC1lY2FhLTExZTYtOGY4OC0zNDM2M2JjN2M0YzAiOnsiY3JlYXRlIjo2MDAwMDAwMDAwMDAsImRlbGV0ZSI6NjAwMDAwMDAwMDAwLCJ1cGRhdGUiOjYwMDAwMDAwMDAwMH19",
          "dependencies": [
            "aws_iam_role.lambda_role"
          ]
        }
      ]
    },
    {
      "mode": "managed",
      "type": "aws_s3_bucket",
      "name": "artifact_bucket",
      "provider": "provider[\"registry.terraform.io/hashicorp/aws\"]",
      "instances": [
        {
          "schema_version": 0,
          "attributes": {
            "acceleration_status": "",
            "acl": null,
            "arn": "arn:aws:s3:::lambda-artifact-4d3f0ac3",
            "bucket": "lambda-artifact-4d3f0ac3",
            "bucket_domain_name": "lambda-artifact-4d3f0ac3.s3.amazonaws.com",
            "bucket_prefix": "",
            "bucket_region": "ap-southeast-1",
            "bucket_regional_domain_name": "lambda-artifact-4d3f0ac3.s3.ap-southeast-1.amazonaws.com",
            "cors_rule": [],
            "force_destroy": true,
            "grant": [
              {
                "id": "e29a3db7cb69e2d4a4470d3374cbf0836885fb822506befb08ac25b44a6eaca0",
                "permissions": [
                  "FULL_CONTROL"
                ],
                "type": "CanonicalUser",
                "uri": ""
              }
            ],
            "hosted_zone_id": "Z3O0J2DXBE1FTB",
            "id": "lambda-artifact-4d3f0ac3",
            "lifecycle_rule": [],
            "logging": [],
            "object_lock_configuration": [],
            "object_lock_enabled": false,
            "policy": "",
            "region": "ap-southeast-1",
            "replication_configuration": [],
            "request_payer": "BucketOwner",
            "server_side_encryption_configuration": [
              {
                "rule": [
                  {
                    "apply_server_side_encryption_by_default": [
                      {
                        "kms_master_key_id": "",
                        "sse_algorithm": "AES256"
                      }
                    ],
                    "bucket_key_enabled": false
                  }
                ]
              }
            ],
            "tags": null,
            "tags_all": {},
            "timeouts": null,
            "versioning": [
              {
                "enabled": false,
                "mfa_delete": false
              }
            ],
            "website": [],
            "website_domain": null,
            "website_endpoint": null
          },
          "sensitive_attributes": [],
          "private": "eyJlMmJmYjczMC1lY2FhLTExZTYtOGY4OC0zNDM2M2JjN2M0YzAiOnsiY3JlYXRlIjoxMjAwMDAwMDAwMDAwLCJkZWxldGUiOjM2MDAwMDAwMDAwMDAsInJlYWQiOjEyMDAwMDAwMDAwMDAsInVwZGF0ZSI6MTIwMDAwMDAwMDAwMH19",
          "dependencies": [
            "random_id.bucket_id"
          ]
        }
      ]
    },
    {
      "mode": "managed",
      "type": "random_id",
      "name": "bucket_id",
      "provider": "provider[\"registry.terraform.io/hashicorp/random\"]",
      "instances": [
        {
          "schema_version": 0,
          "attributes": {
            "b64_std": "TT8Kww==",
            "b64_url": "TT8Kww",
            "byte_length": 4,
            "dec": "1295977155",
            "hex": "4d3f0ac3",
            "id": "TT8Kww",
            "keepers": null,
            "prefix": null
          },
          "sensitive_attributes": []
        }
      ]
    }
  ],
  "check_results": null
}
